
Microsoft Visual Studio Solution File, Format Version 12.00
# Visual Studio Version 16
VisualStudioVersion = 16.0.30611.23
MinimumVisualStudioVersion = 10.0.40219.1
Project("{FAE04EC0-301F-11D3-BF4B-00C04F79EFBC}") = "workshop", "workshop.csproj", "{0D32DBE2-7569-4F88-BDF2-E855467614DE}"
EndProject
Global
	GlobalSection(SolutionConfigurationPlatforms) = preSolution
		Debug|Any CPU = Debug|Any CPU
		Release|Any CPU = Release|Any CPU
	EndGlobalSection
	GlobalSection(ProjectConfigurationPlatforms) = postSolution
		{0D32DBE2-7569-4F88-BDF2-E855467614DE}.Debug|Any CPU.ActiveCfg = Debug|Any CPU
		{0D32DBE2-7569-4F88-BDF2-E855467614DE}.Debug|Any CPU.Build.0 = Debug|Any CPU
		{0D32DBE2-7569-4F88-BDF2-E855467614DE}.Release|Any CPU.ActiveCfg = Release|Any CPU
		{0D32DBE2-7569-4F88-BDF2-E855467614DE}.Release|Any CPU.Build.0 = Release|Any CPU
	EndGlobalSection
	GlobalSection(SolutionProperties) = preSolution
		HideSolutionNode = FALSE
	EndGlobalSection
	GlobalSection(ExtensibilityGlobals) = postSolution
		SolutionGuid = {E5B47606-4A52-46BA-A438-EC1E0ABE6237}
	EndGlobalSection
EndGlobal
